
Microsoft Visual Studio Solution File, Format Version 12.00
# Visual Studio Version 16
VisualStudioVersion = 16.0.30413.136
MinimumVisualStudioVersion = 10.0.40219.1
Project("{FAE04EC0-301F-11D3-BF4B-00C04F79EFBC}") = "GICompBuilder", "GICompBuilder.csproj", "{1CF143BB-2DA1-48F0-AC0F-354D37CDAEEC}"
EndProject
Global
	GlobalSection(SolutionConfigurationPlatforms) = preSolution
		Debug|Any CPU = Debug|Any CPU
		Release|Any CPU = Release|Any CPU
	EndGlobalSection
	GlobalSection(ProjectConfigurationPlatforms) = postSolution
		{1CF143BB-2DA1-48F0-AC0F-354D37CDAEEC}.Debug|Any CPU.ActiveCfg = Debug|Any CPU
		{1CF143BB-2DA1-48F0-AC0F-354D37CDAEEC}.Debug|Any CPU.Build.0 = Debug|Any CPU
		{1CF143BB-2DA1-48F0-AC0F-354D37CDAEEC}.Release|Any CPU.ActiveCfg = Release|Any CPU
		{1CF143BB-2DA1-48F0-AC0F-354D37CDAEEC}.Release|Any CPU.Build.0 = Release|Any CPU
	EndGlobalSection
	GlobalSection(SolutionProperties) = preSolution
		HideSolutionNode = FALSE
	EndGlobalSection
	GlobalSection(ExtensibilityGlobals) = postSolution
		SolutionGuid = {2AA5EF56-D9F4-4DFA-AF37-145414AD1EFA}
	EndGlobalSection
EndGlobal
